{
  "lockFileVersion": 11,
  "registryFileHashes": {
    "https://raw.githubusercontent.com/pjreiniger/bazel-central-registry/bzlmodrio/bazel_registry.json": "8a28e4aff06ee60aed2a8c281907fb8bcbf3b753c91fb5a5c57da3215d5b3497",
    "https://raw.githubusercontent.com/pjreiniger/bazel-central-registry/bzlmodrio/modules/abseil-cpp/20210324.2/MODULE.bazel": "7cd0312e064fde87c8d1cd79ba06c876bd23630c83466e9500321be55c96ace2",
    "https://raw.githubusercontent.com/pjreiniger/bazel-central-registry/bzlmodrio/modules/abseil-cpp/20211102.0/MODULE.bazel": "70390338f7a5106231d20620712f7cccb659cd0e9d073d1991c038eb9fc57589",
    "https://raw.githubusercontent.com/pjreiniger/bazel-central-registry/bzlmodrio/modules/abseil-cpp/20211102.0/source.json": "7e3a9adf473e9af076ae485ed649d5641ad50ec5c11718103f34de03170d94ad",
    "https://raw.githubusercontent.com/pjreiniger/bazel-central-registry/bzlmodrio/modules/apple_support/1.5.0/MODULE.bazel": "50341a62efbc483e8a2a6aec30994a58749bd7b885e18dd96aa8c33031e558ef",
    "https://raw.githubusercontent.com/pjreiniger/bazel-central-registry/bzlmodrio/modules/apple_support/1.5.0/source.json": "eb98a7627c0bc486b57f598ad8da50f6625d974c8f723e9ea71bd39f709c9862",
    "https://raw.githubusercontent.com/pjreiniger/bazel-central-registry/bzlmodrio/modules/bazel_features/1.1.1/MODULE.bazel": "27b8c79ef57efe08efccbd9dd6ef70d61b4798320b8d3c134fd571f78963dbcd",
    "https://raw.githubusercontent.com/pjreiniger/bazel-central-registry/bzlmodrio/modules/bazel_features/1.11.0/MODULE.bazel": "f9382337dd5a474c3b7d334c2f83e50b6eaedc284253334cf823044a26de03e8",
    "https://raw.githubusercontent.com/pjreiniger/bazel-central-registry/bzlmodrio/modules/bazel_features/1.11.0/source.json": "c9320aa53cd1c441d24bd6b716da087ad7e4ff0d9742a9884587596edfe53015",
    "https://raw.githubusercontent.com/pjreiniger/bazel-central-registry/bzlmodrio/modules/bazel_skylib/1.0.3/MODULE.bazel": "bcb0fd896384802d1ad283b4e4eb4d718eebd8cb820b0a2c3a347fb971afd9d8",
    "https://raw.githubusercontent.com/pjreiniger/bazel-central-registry/bzlmodrio/modules/bazel_skylib/1.2.0/MODULE.bazel": "44fe84260e454ed94ad326352a698422dbe372b21a1ac9f3eab76eb531223686",
    "https://raw.githubusercontent.com/pjreiniger/bazel-central-registry/bzlmodrio/modules/bazel_skylib/1.2.1/MODULE.bazel": "f35baf9da0efe45fa3da1696ae906eea3d615ad41e2e3def4aeb4e8bc0ef9a7a",
    "https://raw.githubusercontent.com/pjreiniger/bazel-central-registry/bzlmodrio/modules/bazel_skylib/1.3.0/MODULE.bazel": "20228b92868bf5cfc41bda7afc8a8ba2a543201851de39d990ec957b513579c5",
    "https://raw.githubusercontent.com/pjreiniger/bazel-central-registry/bzlmodrio/modules/bazel_skylib/1.4.1/MODULE.bazel": "a0dcb779424be33100dcae821e9e27e4f2901d9dfd5333efe5ac6a8d7ab75e1d",
    "https://raw.githubusercontent.com/pjreiniger/bazel-central-registry/bzlmodrio/modules/bazel_skylib/1.4.2/MODULE.bazel": "3bd40978e7a1fac911d5989e6b09d8f64921865a45822d8b09e815eaa726a651",
    "https://raw.githubusercontent.com/pjreiniger/bazel-central-registry/bzlmodrio/modules/bazel_skylib/1.6.1/MODULE.bazel": "8fdee2dbaace6c252131c00e1de4b165dc65af02ea278476187765e1a617b917",
    "https://raw.githubusercontent.com/pjreiniger/bazel-central-registry/bzlmodrio/modules/bazel_skylib/1.6.1/source.json": "082ed5f9837901fada8c68c2f3ddc958bb22b6d654f71dd73f3df30d45d4b749",
    "https://raw.githubusercontent.com/pjreiniger/bazel-central-registry/bzlmodrio/modules/buildozer/7.1.2/MODULE.bazel": "2e8dd40ede9c454042645fd8d8d0cd1527966aa5c919de86661e62953cd73d84",
    "https://raw.githubusercontent.com/pjreiniger/bazel-central-registry/bzlmodrio/modules/buildozer/7.1.2/source.json": "c9028a501d2db85793a6996205c8de120944f50a0d570438fcae0457a5f9d1f8",
    "https://raw.githubusercontent.com/pjreiniger/bazel-central-registry/bzlmodrio/modules/bzlmodrio-allwpilib/2024.1.1-beta-4/MODULE.bazel": "3d6c9272815a21e731286d139fbc983963b367d8ccba872b62267e8567b00216",
    "https://raw.githubusercontent.com/pjreiniger/bazel-central-registry/bzlmodrio/modules/bzlmodrio-allwpilib/2024.1.1/MODULE.bazel": "1742fb841577eebbed83142fa6bc6b9be628fe8e6617132c2fe9f1653834e579",
    "https://raw.githubusercontent.com/pjreiniger/bazel-central-registry/bzlmodrio/modules/bzlmodrio-allwpilib/2024.3.2/MODULE.bazel": "252f7f7a68170f0263ada84ca21a65cc4355bab7c08a3f1b5fbe5bf9c6c74d6f",
    "https://raw.githubusercontent.com/pjreiniger/bazel-central-registry/bzlmodrio/modules/bzlmodrio-allwpilib/2024.3.2/source.json": "3cf06b2029cb650dd142c4b5f566ed035d4cbed009e17429babad8b51c8e4131",
    "https://raw.githubusercontent.com/pjreiniger/bazel-central-registry/bzlmodrio/modules/bzlmodrio-apriltaglib/2024.3.3.0-1/MODULE.bazel": "7f52f850414a29af96aaafa4fbec5296ad97fb7006f73a4bcecb5275acb46051",
    "https://raw.githubusercontent.com/pjreiniger/bazel-central-registry/bzlmodrio/modules/bzlmodrio-apriltaglib/2024.3.3.0-1/source.json": "cd5302321a0ed10369284887c4d973fdd3c3909f06ac511a9ad59375d50852dc",
    "https://raw.githubusercontent.com/pjreiniger/bazel-central-registry/bzlmodrio/modules/bzlmodrio-choreolib/2024.2.3/MODULE.bazel": "730358ca60173cd30c5448d46ab1cb1bff4d9b44aedbf051e16172a99e559cec",
    "https://raw.githubusercontent.com/pjreiniger/bazel-central-registry/bzlmodrio/modules/bzlmodrio-choreolib/2024.2.3/source.json": "930b9f005e37bdf29ce8489d49d9e9a25b7d6fe5c2ce279196a10edfe5808985",
    "https://raw.githubusercontent.com/pjreiniger/bazel-central-registry/bzlmodrio/modules/bzlmodrio-imgui/2024.1.89.9-1/MODULE.bazel": "f185df72dd372a01f45addc8d4c7a3d83b8819493d88a73c74bd36c3c040e855",
    "https://raw.githubusercontent.com/pjreiniger/bazel-central-registry/bzlmodrio/modules/bzlmodrio-imgui/2024.1.89.9-1/source.json": "c4995978617497ce394b37128db6f7a7e91d67eba3be279c8b859b53564f4354",
    "https://raw.githubusercontent.com/pjreiniger/bazel-central-registry/bzlmodrio/modules/bzlmodrio-libssh/2024.0.105-1/MODULE.bazel": "227920fb312c32e0d4c0fd9967063dd4b6785e6c19dd2a031123c425e368b6de",
    "https://raw.githubusercontent.com/pjreiniger/bazel-central-registry/bzlmodrio/modules/bzlmodrio-libssh/2024.0.105-1/source.json": "54d94cd28362dca87ce9595296074db67b55f7bf5dc92c0df100ee37cbc66e8e",
    "https://raw.githubusercontent.com/pjreiniger/bazel-central-registry/bzlmodrio/modules/bzlmodrio-navx/2024.1.0/MODULE.bazel": "18268f41602c7074ab9383f774daa797a4d2b563ae982d3ebbed0fc92d3bfa30",
    "https://raw.githubusercontent.com/pjreiniger/bazel-central-registry/bzlmodrio/modules/bzlmodrio-navx/2024.1.0/source.json": "f25f0287bad304e10365e589c52d303bba7dc1203a234668637e870656303773",
    "https://raw.githubusercontent.com/pjreiniger/bazel-central-registry/bzlmodrio/modules/bzlmodrio-ni/2024.2.0/MODULE.bazel": "f24f6f7914981698fc929e4c6ba102f9d456b8ad5c5c1c0eb8d5ece8bf670196",
    "https://raw.githubusercontent.com/pjreiniger/bazel-central-registry/bzlmodrio/modules/bzlmodrio-ni/2024.2.1/MODULE.bazel": "3dd945146d4a1951c8bc96a7915c68d66ab82a4b11b88e6793858ccdb86a8a55",
    "https://raw.githubusercontent.com/pjreiniger/bazel-central-registry/bzlmodrio/modules/bzlmodrio-ni/2024.2.1/source.json": "60978e4fba9af5eaaca40d378bbb5fc389c51a6104b764ddf194c24720aeac06",
    "https://raw.githubusercontent.com/pjreiniger/bazel-central-registry/bzlmodrio/modules/bzlmodrio-opencv/2024.4.8.0-1/MODULE.bazel": "595188072bc494c472e95d38e7f4852136c3262832e11fbd2e21ee03eaf366bc",
    "https://raw.githubusercontent.com/pjreiniger/bazel-central-registry/bzlmodrio/modules/bzlmodrio-opencv/2024.4.8.0-4/MODULE.bazel": "86f96206a0e0c6b924560987bdb0dcdf3719f945c169451c68ea8b44026b4021",
    "https://raw.githubusercontent.com/pjreiniger/bazel-central-registry/bzlmodrio/modules/bzlmodrio-opencv/2024.4.8.0-4/source.json": "9a441ef5a5accd4f61b50f675192d6a280a734cdc2fa01cdfdb565d30ec26e94",
    "https://raw.githubusercontent.com/pjreiniger/bazel-central-registry/bzlmodrio/modules/bzlmodrio-pathplannerlib/2024.2.8/MODULE.bazel": "fb848c41bc9d900d8605b03fef9d93eae8d9648a15abb4688ba00eef9ae97c7b",
    "https://raw.githubusercontent.com/pjreiniger/bazel-central-registry/bzlmodrio/modules/bzlmodrio-pathplannerlib/2024.2.8/source.json": "bac85a871155a4aebd92a86d05dc351922ffb2d904637d89d4994a6bb7167b48",
    "https://raw.githubusercontent.com/pjreiniger/bazel-central-registry/bzlmodrio/modules/bzlmodrio-phoenix/5.33.1/MODULE.bazel": "97e8e40c5e6761f2c4e7f8f8e773a209dccc642c87783c4bdd1818e116781618",
    "https://raw.githubusercontent.com/pjreiniger/bazel-central-registry/bzlmodrio/modules/bzlmodrio-phoenix/5.33.1/source.json": "42363b9321b5e9c0bed008e85874af9c1e1918a7525529c0b213630b0bed93b7",
    "https://raw.githubusercontent.com/pjreiniger/bazel-central-registry/bzlmodrio/modules/bzlmodrio-phoenix6/24.0.0-beta-7/MODULE.bazel": "1a89f71879692712fb1fa7dee210bc94c16c318270938ea452b7a82a2f1cd6ef",
    "https://raw.githubusercontent.com/pjreiniger/bazel-central-registry/bzlmodrio/modules/bzlmodrio-phoenix6/24.2.0/MODULE.bazel": "311c2ef2e503ec07a02cdd3591c0ce75640c5c73abca468b62f839728c339eb6",
    "https://raw.githubusercontent.com/pjreiniger/bazel-central-registry/bzlmodrio/modules/bzlmodrio-phoenix6/24.2.0/source.json": "2ae04f994fc5895e9fb737d7f326ef758aaf4c57c038e08c96961f0ffe47cdb7",
    "https://raw.githubusercontent.com/pjreiniger/bazel-central-registry/bzlmodrio/modules/bzlmodrio-photonlib/v2024.3.1/MODULE.bazel": "24e661e82e54bf85afa6f9b57cc50f7e13939ae610961c225e87bfe58889968d",
    "https://raw.githubusercontent.com/pjreiniger/bazel-central-registry/bzlmodrio/modules/bzlmodrio-photonlib/v2024.3.1/source.json": "87b3cf4b5eeb48533cf2402a7b69542f2a05c720e19fb378515098b73afaacf4",
    "https://raw.githubusercontent.com/pjreiniger/bazel-central-registry/bzlmodrio/modules/bzlmodrio-revlib/2024.2.4/MODULE.bazel": "a1795102718f59387f923cf42491d797e5c957ae63dbf67eecd513fdcd5ad657",
    "https://raw.githubusercontent.com/pjreiniger/bazel-central-registry/bzlmodrio/modules/bzlmodrio-revlib/2024.2.4/source.json": "9b8b363a30ea1f2c902650c0f3f13831048cf1b7f2fb67d8e7344b4aa88d29d3",
    "https://raw.githubusercontent.com/pjreiniger/bazel-central-registry/bzlmodrio/modules/googletest/1.11.0/MODULE.bazel": "3a83f095183f66345ca86aa13c58b59f9f94a2f81999c093d4eeaa2d262d12f4",
    "https://raw.githubusercontent.com/pjreiniger/bazel-central-registry/bzlmodrio/modules/googletest/1.11.0/source.json": "c73d9ef4268c91bd0c1cd88f1f9dfa08e814b1dbe89b5f594a9f08ba0244d206",
    "https://raw.githubusercontent.com/pjreiniger/bazel-central-registry/bzlmodrio/modules/platforms/0.0.4/MODULE.bazel": "9b328e31ee156f53f3c416a64f8491f7eb731742655a47c9eec4703a71644aee",
    "https://raw.githubusercontent.com/pjreiniger/bazel-central-registry/bzlmodrio/modules/platforms/0.0.5/MODULE.bazel": "5733b54ea419d5eaf7997054bb55f6a1d0b5ff8aedf0176fef9eea44f3acda37",
    "https://raw.githubusercontent.com/pjreiniger/bazel-central-registry/bzlmodrio/modules/platforms/0.0.6/MODULE.bazel": "ad6eeef431dc52aefd2d77ed20a4b353f8ebf0f4ecdd26a807d2da5aa8cd0615",
    "https://raw.githubusercontent.com/pjreiniger/bazel-central-registry/bzlmodrio/modules/platforms/0.0.7/MODULE.bazel": "72fd4a0ede9ee5c021f6a8dd92b503e089f46c227ba2813ff183b71616034814",
    "https://raw.githubusercontent.com/pjreiniger/bazel-central-registry/bzlmodrio/modules/platforms/0.0.8/MODULE.bazel": "9f142c03e348f6d263719f5074b21ef3adf0b139ee4c5133e2aa35664da9eb2d",
    "https://raw.githubusercontent.com/pjreiniger/bazel-central-registry/bzlmodrio/modules/platforms/0.0.9/MODULE.bazel": "4a87a60c927b56ddd67db50c89acaa62f4ce2a1d2149ccb63ffd871d5ce29ebc",
    "https://raw.githubusercontent.com/pjreiniger/bazel-central-registry/bzlmodrio/modules/platforms/0.0.9/source.json": "cd74d854bf16a9e002fb2ca7b1a421f4403cda29f824a765acd3a8c56f8d43e6",
    "https://raw.githubusercontent.com/pjreiniger/bazel-central-registry/bzlmodrio/modules/protobuf/21.7/MODULE.bazel": "a5a29bb89544f9b97edce05642fac225a808b5b7be74038ea3640fae2f8e66a7",
    "https://raw.githubusercontent.com/pjreiniger/bazel-central-registry/bzlmodrio/modules/protobuf/21.7/source.json": "bbe500720421e582ff2d18b0802464205138c06056f443184de39fbb8187b09b",
    "https://raw.githubusercontent.com/pjreiniger/bazel-central-registry/bzlmodrio/modules/protobuf/3.19.0/MODULE.bazel": "6b5fbb433f760a99a22b18b6850ed5784ef0e9928a72668b66e4d7ccd47db9b0",
    "https://raw.githubusercontent.com/pjreiniger/bazel-central-registry/bzlmodrio/modules/protobuf/3.19.6/MODULE.bazel": "9233edc5e1f2ee276a60de3eaa47ac4132302ef9643238f23128fea53ea12858",
    "https://raw.githubusercontent.com/pjreiniger/bazel-central-registry/bzlmodrio/modules/rules_android/0.1.1/MODULE.bazel": "48809ab0091b07ad0182defb787c4c5328bd3a278938415c00a7b69b50c4d3a8",
    "https://raw.githubusercontent.com/pjreiniger/bazel-central-registry/bzlmodrio/modules/rules_android/0.1.1/source.json": "e6986b41626ee10bdc864937ffb6d6bf275bb5b9c65120e6137d56e6331f089e",
    "https://raw.githubusercontent.com/pjreiniger/bazel-central-registry/bzlmodrio/modules/rules_bazelrio/0.0.13/MODULE.bazel": "55c1388f10dd5f848959f09959c50ae696380466336e2669743ecc27fb26d4c2",
    "https://raw.githubusercontent.com/pjreiniger/bazel-central-registry/bzlmodrio/modules/rules_bazelrio/0.0.14/MODULE.bazel": "e4004326cab72e5b27b697a01b03139276ac04c6e7c177ddb9424afc8709e51b",
    "https://raw.githubusercontent.com/pjreiniger/bazel-central-registry/bzlmodrio/modules/rules_bazelrio/0.0.14/source.json": "7da669bc69d497942a9ac21b8f76c05f4a91b4212e3a697a1e27d9358576e995",
    "https://raw.githubusercontent.com/pjreiniger/bazel-central-registry/bzlmodrio/modules/rules_bzlmodrio_jdk/17.0.8.1-1/MODULE.bazel": "ecaba82dd1400876ff8396483bb087239a087fe0288124336cb38985728eaf0f",
    "https://raw.githubusercontent.com/pjreiniger/bazel-central-registry/bzlmodrio/modules/rules_bzlmodrio_jdk/17.0.8.1-1/source.json": "e57062aa64ee8bc3791abc59199ce93c1a28def775190208a9874ca05bfa78e9",
    "https://raw.githubusercontent.com/pjreiniger/bazel-central-registry/bzlmodrio/modules/rules_bzlmodrio_toolchains/2024-1/MODULE.bazel": "4479aad521d4d7905e8b1f5afc592a4c3067612058d3150d451fa96adf3ad85a",
    "https://raw.githubusercontent.com/pjreiniger/bazel-central-registry/bzlmodrio/modules/rules_bzlmodrio_toolchains/2024-1/source.json": "3487a7873b3e2aeb26bd4f69ad494511e51ada975bfe592c3a81009a3b2a0b31",
    "https://raw.githubusercontent.com/pjreiniger/bazel-central-registry/bzlmodrio/modules/rules_cc/0.0.1/MODULE.bazel": "cb2aa0747f84c6c3a78dad4e2049c154f08ab9d166b1273835a8174940365647",
    "https://raw.githubusercontent.com/pjreiniger/bazel-central-registry/bzlmodrio/modules/rules_cc/0.0.2/MODULE.bazel": "6915987c90970493ab97393024c156ea8fb9f3bea953b2f3ec05c34f19b5695c",
    "https://raw.githubusercontent.com/pjreiniger/bazel-central-registry/bzlmodrio/modules/rules_cc/0.0.8/MODULE.bazel": "964c85c82cfeb6f3855e6a07054fdb159aced38e99a5eecf7bce9d53990afa3e",
    "https://raw.githubusercontent.com/pjreiniger/bazel-central-registry/bzlmodrio/modules/rules_cc/0.0.9/MODULE.bazel": "836e76439f354b89afe6a911a7adf59a6b2518fafb174483ad78a2a2fde7b1c5",
    "https://raw.githubusercontent.com/pjreiniger/bazel-central-registry/bzlmodrio/modules/rules_cc/0.0.9/source.json": "1f1ba6fea244b616de4a554a0f4983c91a9301640c8fe0dd1d410254115c8430",
    "https://raw.githubusercontent.com/pjreiniger/bazel-central-registry/bzlmodrio/modules/rules_checkstyle/10.12.2/MODULE.bazel": "a96110db4303d2e54869400467e9ec76c6be1de0de5466aae21022693872b2e1",
    "https://raw.githubusercontent.com/pjreiniger/bazel-central-registry/bzlmodrio/modules/rules_checkstyle/10.12.2/source.json": "99ad555599885642858e1441d34c8dddf1713194a51235f93d4bd593322ca119",
    "https://raw.githubusercontent.com/pjreiniger/bazel-central-registry/bzlmodrio/modules/rules_java/4.0.0/MODULE.bazel": "5a78a7ae82cd1a33cef56dc578c7d2a46ed0dca12643ee45edbb8417899e6f74",
    "https://raw.githubusercontent.com/pjreiniger/bazel-central-registry/bzlmodrio/modules/rules_java/6.0.0/MODULE.bazel": "8a43b7df601a7ec1af61d79345c17b31ea1fedc6711fd4abfd013ea612978e39",
    "https://raw.githubusercontent.com/pjreiniger/bazel-central-registry/bzlmodrio/modules/rules_java/6.4.0/MODULE.bazel": "e986a9fe25aeaa84ac17ca093ef13a4637f6107375f64667a15999f77db6c8f6",
    "https://raw.githubusercontent.com/pjreiniger/bazel-central-registry/bzlmodrio/modules/rules_java/7.3.2/MODULE.bazel": "50dece891cfdf1741ea230d001aa9c14398062f2b7c066470accace78e412bc2",
    "https://raw.githubusercontent.com/pjreiniger/bazel-central-registry/bzlmodrio/modules/rules_java/7.5.0/MODULE.bazel": "b329bf9aa07a58bd1ccb37bfdcd9528acf6f12712efb38c3a8553c2cc2494806",
    "https://raw.githubusercontent.com/pjreiniger/bazel-central-registry/bzlmodrio/modules/rules_java/7.6.1/MODULE.bazel": "2f14b7e8a1aa2f67ae92bc69d1ec0fa8d9f827c4e17ff5e5f02e91caa3b2d0fe",
    "https://raw.githubusercontent.com/pjreiniger/bazel-central-registry/bzlmodrio/modules/rules_java/7.6.1/source.json": "8f3f3076554e1558e8e468b2232991c510ecbcbed9e6f8c06ac31c93bcf38362",
    "https://raw.githubusercontent.com/pjreiniger/bazel-central-registry/bzlmodrio/modules/rules_jvm_external/4.4.2/MODULE.bazel": "a56b85e418c83eb1839819f0b515c431010160383306d13ec21959ac412d2fe7",
    "https://raw.githubusercontent.com/pjreiniger/bazel-central-registry/bzlmodrio/modules/rules_jvm_external/5.3/MODULE.bazel": "bf93870767689637164657731849fb887ad086739bd5d360d90007a581d5527d",
    "https://raw.githubusercontent.com/pjreiniger/bazel-central-registry/bzlmodrio/modules/rules_jvm_external/6.1/MODULE.bazel": "75b5fec090dbd46cf9b7d8ea08cf84a0472d92ba3585b476f44c326eda8059c4",
    "https://raw.githubusercontent.com/pjreiniger/bazel-central-registry/bzlmodrio/modules/rules_jvm_external/6.1/source.json": "a09b21cd4478cdeec7153220fdc3b0c7118445beb6881ee8b17cb6aa9acd8947",
    "https://raw.githubusercontent.com/pjreiniger/bazel-central-registry/bzlmodrio/modules/rules_kotlin/1.9.0/MODULE.bazel": "ef85697305025e5a61f395d4eaede272a5393cee479ace6686dba707de804d59",
    "https://raw.githubusercontent.com/pjreiniger/bazel-central-registry/bzlmodrio/modules/rules_kotlin/1.9.0/source.json": "e4e8566acbfc02cc701c169d756ee99bca1c395a0d1dc69293a21a5ef14cac43",
    "https://raw.githubusercontent.com/pjreiniger/bazel-central-registry/bzlmodrio/modules/rules_license/0.0.3/MODULE.bazel": "627e9ab0247f7d1e05736b59dbb1b6871373de5ad31c3011880b4133cafd4bd0",
    "https://raw.githubusercontent.com/pjreiniger/bazel-central-registry/bzlmodrio/modules/rules_license/0.0.7/MODULE.bazel": "088fbeb0b6a419005b89cf93fe62d9517c0a2b8bb56af3244af65ecfe37e7d5d",
    "https://raw.githubusercontent.com/pjreiniger/bazel-central-registry/bzlmodrio/modules/rules_license/0.0.7/source.json": "355cc5737a0f294e560d52b1b7a6492d4fff2caf0bef1a315df5a298fca2d34a",
    "https://raw.githubusercontent.com/pjreiniger/bazel-central-registry/bzlmodrio/modules/rules_pkg/0.7.0/MODULE.bazel": "df99f03fc7934a4737122518bb87e667e62d780b610910f0447665a7e2be62dc",
    "https://raw.githubusercontent.com/pjreiniger/bazel-central-registry/bzlmodrio/modules/rules_pkg/0.7.0/source.json": "c2557066e0c0342223ba592510ad3d812d4963b9024831f7f66fd0584dd8c66c",
    "https://raw.githubusercontent.com/pjreiniger/bazel-central-registry/bzlmodrio/modules/rules_pmd/7.2.0/MODULE.bazel": "9dd3e315f3b3a7112236b64a0988955fda6bbc47d9b8c44c6f42c4853eb90920",
    "https://raw.githubusercontent.com/pjreiniger/bazel-central-registry/bzlmodrio/modules/rules_pmd/7.2.0/source.json": "6cf082f0ea608d1e8674ca3853ab10ab94da5c87734ab59d12726d1dc092a572",
    "https://raw.githubusercontent.com/pjreiniger/bazel-central-registry/bzlmodrio/modules/rules_proto/4.0.0/MODULE.bazel": "a7a7b6ce9bee418c1a760b3d84f83a299ad6952f9903c67f19e4edd964894e06",
    "https://raw.githubusercontent.com/pjreiniger/bazel-central-registry/bzlmodrio/modules/rules_proto/5.3.0-21.7/MODULE.bazel": "e8dff86b0971688790ae75528fe1813f71809b5afd57facb44dad9e8eca631b7",
    "https://raw.githubusercontent.com/pjreiniger/bazel-central-registry/bzlmodrio/modules/rules_proto/5.3.0-21.7/source.json": "d57902c052424dfda0e71646cb12668d39c4620ee0544294d9d941e7d12bc3a9",
    "https://raw.githubusercontent.com/pjreiniger/bazel-central-registry/bzlmodrio/modules/rules_python/0.10.2/MODULE.bazel": "cc82bc96f2997baa545ab3ce73f196d040ffb8756fd2d66125a530031cd90e5f",
    "https://raw.githubusercontent.com/pjreiniger/bazel-central-registry/bzlmodrio/modules/rules_python/0.22.1/MODULE.bazel": "26114f0c0b5e93018c0c066d6673f1a2c3737c7e90af95eff30cfee38d0bbac7",
    "https://raw.githubusercontent.com/pjreiniger/bazel-central-registry/bzlmodrio/modules/rules_python/0.23.1/MODULE.bazel": "49ffccf0511cb8414de28321f5fcf2a31312b47c40cc21577144b7447f2bf300",
    "https://raw.githubusercontent.com/pjreiniger/bazel-central-registry/bzlmodrio/modules/rules_python/0.30.0/MODULE.bazel": "4edf4fd9555f6a67816ed0a4fbcc5ba662d9b541ab833246b5b75d7d43e8eaab",
    "https://raw.githubusercontent.com/pjreiniger/bazel-central-registry/bzlmodrio/modules/rules_python/0.30.0/source.json": "6673f8d5cc7fefcf88dd9f76e54b0d58c9650303f9025bded5aa295e6950278a",
    "https://raw.githubusercontent.com/pjreiniger/bazel-central-registry/bzlmodrio/modules/rules_python/0.4.0/MODULE.bazel": "9208ee05fd48bf09ac60ed269791cf17fb343db56c8226a720fbb1cdf467166c",
    "https://raw.githubusercontent.com/pjreiniger/bazel-central-registry/bzlmodrio/modules/rules_spotless/2.40.0/MODULE.bazel": "b0c226d7507283abdb1efaa02d825bf2b9309be29b43c360c0d72ed5495a3193",
    "https://raw.githubusercontent.com/pjreiniger/bazel-central-registry/bzlmodrio/modules/rules_spotless/2.40.0/source.json": "3b30fdb61387120b12f4620df7324fecd70a058ab35c852e8a7a38376eb62ae0",
    "https://raw.githubusercontent.com/pjreiniger/bazel-central-registry/bzlmodrio/modules/rules_wpi_styleguide/2024.06.22/MODULE.bazel": "6cb91daeb7ad70eaee12c846f1546e24ab5eef2622a9be94207c7e20f5c23908",
    "https://raw.githubusercontent.com/pjreiniger/bazel-central-registry/bzlmodrio/modules/rules_wpi_styleguide/2024.06.22/source.json": "75e144b32b627194049db6936824432ead44958bc7c614acb27ae1dd4b0a6c09",
    "https://raw.githubusercontent.com/pjreiniger/bazel-central-registry/bzlmodrio/modules/rules_wpiformat/2024.34/MODULE.bazel": "313c324b4943055dca70f00717e3822d56a7e49d3c58c0afdebbd4cd9b86c94c",
    "https://raw.githubusercontent.com/pjreiniger/bazel-central-registry/bzlmodrio/modules/rules_wpiformat/2024.34/source.json": "af2b5ece138006d676768b6666d65814e1cd39a0db000bd44e298cbf923bd5e5",
    "https://raw.githubusercontent.com/pjreiniger/bazel-central-registry/bzlmodrio/modules/stardoc/0.5.1/MODULE.bazel": "1a05d92974d0c122f5ccf09291442580317cdd859f07a8655f1db9a60374f9f8",
    "https://raw.githubusercontent.com/pjreiniger/bazel-central-registry/bzlmodrio/modules/stardoc/0.5.3/MODULE.bazel": "c7f6948dae6999bf0db32c1858ae345f112cacf98f174c7a8bb707e41b974f1c",
    "https://raw.githubusercontent.com/pjreiniger/bazel-central-registry/bzlmodrio/modules/stardoc/0.5.6/MODULE.bazel": "c43dabc564990eeab55e25ed61c07a1aadafe9ece96a4efabb3f8bf9063b71ef",
    "https://raw.githubusercontent.com/pjreiniger/bazel-central-registry/bzlmodrio/modules/stardoc/0.5.6/source.json": "956954c9c45ef492ea4001ce579dc40431fbd75090151e8f9eadf9ed6377a108",
    "https://raw.githubusercontent.com/pjreiniger/bazel-central-registry/bzlmodrio/modules/upb/0.0.0-20220923-a547704/MODULE.bazel": "7298990c00040a0e2f121f6c32544bab27d4452f80d9ce51349b1a28f3005c43",
    "https://raw.githubusercontent.com/pjreiniger/bazel-central-registry/bzlmodrio/modules/upb/0.0.0-20220923-a547704/source.json": "f1ef7d3f9e0e26d4b23d1c39b5f5de71f584dd7d1b4ef83d9bbba6ec7a6a6459",
    "https://raw.githubusercontent.com/pjreiniger/bazel-central-registry/bzlmodrio/modules/zlib/1.2.11/MODULE.bazel": "07b389abc85fdbca459b69e2ec656ae5622873af3f845e1c9d80fe179f3effa0",
    "https://raw.githubusercontent.com/pjreiniger/bazel-central-registry/bzlmodrio/modules/zlib/1.2.12/MODULE.bazel": "3b1a8834ada2a883674be8cbd36ede1b6ec481477ada359cd2d3ddc562340b27",
    "https://raw.githubusercontent.com/pjreiniger/bazel-central-registry/bzlmodrio/modules/zlib/1.3/MODULE.bazel": "6a9c02f19a24dcedb05572b2381446e27c272cd383aed11d41d99da9e3167a72",
    "https://raw.githubusercontent.com/pjreiniger/bazel-central-registry/bzlmodrio/modules/zlib/1.3/source.json": "b6b43d0737af846022636e6e255fd4a96fee0d34f08f3830e6e0bac51465c37c"
  },
  "selectedYankedVersions": {},
  "moduleExtensions": {}
}
